
Microsoft Visual Studio Solution File, Format Version 12.00
# Visual Studio Version 16
VisualStudioVersion = 16.0.30711.63
MinimumVisualStudioVersion = 10.0.40219.1
Project("{FAE04EC0-301F-11D3-BF4B-00C04F79EFBC}") = "WindowsApplication1", "WindowsApplication1\WindowsApplication1.csproj", "{1B17423B-ED3E-4BA3-8320-063C846A9AA4}"
EndProject
Global
	GlobalSection(SolutionConfigurationPlatforms) = preSolution
		Debug|Any CPU = Debug|Any CPU
		Release|Any CPU = Release|Any CPU
	EndGlobalSection
	GlobalSection(ProjectConfigurationPlatforms) = postSolution
		{1B17423B-ED3E-4BA3-8320-063C846A9AA4}.Debug|Any CPU.ActiveCfg = Debug|Any CPU
		{1B17423B-ED3E-4BA3-8320-063C846A9AA4}.Debug|Any CPU.Build.0 = Debug|Any CPU
		{1B17423B-ED3E-4BA3-8320-063C846A9AA4}.Release|Any CPU.ActiveCfg = Release|Any CPU
		{1B17423B-ED3E-4BA3-8320-063C846A9AA4}.Release|Any CPU.Build.0 = Release|Any CPU
	EndGlobalSection
	GlobalSection(SolutionProperties) = preSolution
		HideSolutionNode = FALSE
	EndGlobalSection
	GlobalSection(ExtensibilityGlobals) = postSolution
		SolutionGuid = {6A3971EF-5C81-4E6D-842B-DDA6499AA161}
	EndGlobalSection
EndGlobal
